// !$*UTF8*$!
{
	archiveVersion = 1;
	classes = {
	};
	objectVersion = 77;
	objects = {

/* Begin PBXContainerItemProxy section */
		597D18942E7A11100050E189 /* PBXContainerItemProxy */ = {
			isa = PBXContainerItemProxy;
			containerPortal = 597D187E2E7A110E0050E189 /* Project object */;
			proxyType = 1;
			remoteGlobalIDString = 597D18852E7A110E0050E189;
			remoteInfo = ButtonChallengeSolution;
		};
		597D189E2E7A11100050E189 /* PBXContainerItemProxy */ = {
			isa = PBXContainerItemProxy;
			containerPortal = 597D187E2E7A110E0050E189 /* Project object */;
			proxyType = 1;
			remoteGlobalIDString = 597D18852E7A110E0050E189;
			remoteInfo = ButtonChallengeSolution;
		};
/* End PBXContainerItemProxy section */

/* Begin PBXFileReference section */
		597D18862E7A110E0050E189 /* ButtonChallengeSolution.app */ = {isa = PBXFileReference; explicitFileType = wrapper.application; includeInIndex = 0; path = ButtonChallengeSolution.app; sourceTree = BUILT_PRODUCTS_DIR; };
		597D18932E7A11100050E189 /* ButtonChallengeSolutionTests.xctest */ = {isa = PBXFileReference; explicitFileType = wrapper.cfbundle; includeInIndex = 0; path = ButtonChallengeSolutionTests.xctest; sourceTree = BUILT_PRODUCTS_DIR; };
		597D189D2E7A11100050E189 /* ButtonChallengeSolutionUITests.xctest */ = {isa = PBXFileReference; explicitFileType = wrapper.cfbundle; includeInIndex = 0; path = ButtonChallengeSolutionUITests.xctest; sourceTree = BUILT_PRODUCTS_DIR; };
/* End PBXFileReference section */

/* Begin PBXFileSystemSynchronizedRootGroup section */
		597D18882E7A110E0050E189 /* ButtonChallengeSolution */ = {
			isa = PBXFileSystemSynchronizedRootGroup;
			path = ButtonChallengeSolution;
			sourceTree = "<group>";
		};
		597D18962E7A11100050E189 /* ButtonChallengeSolutionTests */ = {
			isa = PBXFileSystemSynchronizedRootGroup;
			path = ButtonChallengeSolutionTests;
			sourceTree = "<group>";
		};
		597D18A02E7A11100050E189 /* ButtonChallengeSolutionUITests */ = {
			isa = PBXFileSystemSynchronizedRootGroup;
			path = ButtonChallengeSolutionUITests;
			sourceTree = "<group>";
		};
/* End PBXFileSystemSynchronizedRootGroup section */

/* Begin PBXFrameworksBuildPhase section */
		597D18832E7A110E0050E189 /* Frameworks */ = {
			isa = PBXFrameworksBuildPhase;
			buildActionMask = 2147483647;
			files = (
			);
			runOnlyForDeploymentPostprocessing = 0;
		};
		597D18902E7A11100050E189 /* Frameworks */ = {
			isa = PBXFrameworksBuildPhase;
			buildActionMask = 2147483647;
			files = (
			);
			runOnlyForDeploymentPostprocessing = 0;
		};
		597D189A2E7A11100050E189 /* Frameworks */ = {
			isa = PBXFrameworksBuildPhase;
			buildActionMask = 2147483647;
			files = (
			);
			runOnlyForDeploymentPostprocessing = 0;
		};
/* End PBXFrameworksBuildPhase section */

/* Begin PBXGroup section */
		597D187D2E7A110E0050E189 = {
			isa = PBXGroup;
			children = (
				597D18882E7A110E0050E189 /* ButtonChallengeSolution */,
				597D18962E7A11100050E189 /* ButtonChallengeSolutionTests */,
				597D18A02E7A11100050E189 /* ButtonChallengeSolutionUITests */,
				597D18872E7A110E0050E189 /* Products */,
			);
			sourceTree = "<group>";
		};
		597D18872E7A110E0050E189 /* Products */ = {
			isa = PBXGroup;
			children = (
				597D18862E7A110E0050E189 /* ButtonChallengeSolution.app */,
				597D18932E7A11100050E189 /* ButtonChallengeSolutionTests.xctest */,
				597D189D2E7A11100050E189 /* ButtonChallengeSolutionUITests.xctest */,
			);
			name = Products;
			sourceTree = "<group>";
		};
/* End PBXGroup section */

/* Begin PBXNativeTarget section */
		597D18852E7A110E0050E189 /* ButtonChallengeSolution */ = {
			isa = PBXNativeTarget;
			buildConfigurationList = 597D18A72E7A11100050E189 /* Build configuration list for PBXNativeTarget "ButtonChallengeSolution" */;
			buildPhases = (
				597D18822E7A110E0050E189 /* Sources */,
				597D18832E7A110E0050E189 /* Frameworks */,
				597D18842E7A110E0050E189 /* Resources */,
			);
			buildRules = (
			);
			dependencies = (
			);
			fileSystemSynchronizedGroups = (
				597D18882E7A110E0050E189 /* ButtonChallengeSolution */,
			);
			name = ButtonChallengeSolution;
			packageProductDependencies = (
			);
			productName = ButtonChallengeSolution;
			productReference = 597D18862E7A110E0050E189 /* ButtonChallengeSolution.app */;
			productType = "com.apple.product-type.application";
		};
		597D18922E7A11100050E189 /* ButtonChallengeSolutionTests */ = {
			isa = PBXNativeTarget;
			buildConfigurationList = 597D18AA2E7A11100050E189 /* Build configuration list for PBXNativeTarget "ButtonChallengeSolutionTests" */;
			buildPhases = (
				597D188F2E7A11100050E189 /* Sources */,
				597D18902E7A11100050E189 /* Frameworks */,
				597D18912E7A11100050E189 /* Resources */,
			);
			buildRules = (
			);
			dependencies = (
				597D18952E7A11100050E189 /* PBXTargetDependency */,
			);
			fileSystemSynchronizedGroups = (
				597D18962E7A11100050E189 /* ButtonChallengeSolutionTests */,
			);
			name = ButtonChallengeSolutionTests;
			packageProductDependencies = (
			);
			productName = ButtonChallengeSolutionTests;
			productReference = 597D18932E7A11100050E189 /* ButtonChallengeSolutionTests.xctest */;
			productType = "com.apple.product-type.bundle.unit-test";
		};
		597D189C2E7A11100050E189 /* ButtonChallengeSolutionUITests */ = {
			isa = PBXNativeTarget;
			buildConfigurationList = 597D18AD2E7A11100050E189 /* Build configuration list for PBXNativeTarget "ButtonChallengeSolutionUITests" */;
			buildPhases = (
				597D18992E7A11100050E189 /* Sources */,
				597D189A2E7A11100050E189 /* Frameworks */,
				597D189B2E7A11100050E189 /* Resources */,
			);
			buildRules = (
			);
			dependencies = (
				597D189F2E7A11100050E189 /* PBXTargetDependency */,
			);
			fileSystemSynchronizedGroups = (
				597D18A02E7A11100050E189 /* ButtonChallengeSolutionUITests */,
			);
			name = ButtonChallengeSolutionUITests;
			packageProductDependencies = (
			);
			productName = ButtonChallengeSolutionUITests;
			productReference = 597D189D2E7A11100050E189 /* ButtonChallengeSolutionUITests.xctest */;
			productType = "com.apple.product-type.bundle.ui-testing";
		};
/* End PBXNativeTarget section */

/* Begin PBXProject section */
		597D187E2E7A110E0050E189 /* Project object */ = {
			isa = PBXProject;
			attributes = {
				BuildIndependentTargetsInParallel = 1;
				LastSwiftUpdateCheck = 1640;
				LastUpgradeCheck = 1640;
				TargetAttributes = {
					597D18852E7A110E0050E189 = {
						CreatedOnToolsVersion = 16.4;
					};
					597D18922E7A11100050E189 = {
						CreatedOnToolsVersion = 16.4;
						TestTargetID = 597D18852E7A110E0050E189;
					};
					597D189C2E7A11100050E189 = {
						CreatedOnToolsVersion = 16.4;
						TestTargetID = 597D18852E7A110E0050E189;
					};
				};
			};
			buildConfigurationList = 597D18812E7A110E0050E189 /* Build configuration list for PBXProject "ButtonChallengeSolution" */;
			developmentRegion = en;
			hasScannedForEncodings = 0;
			knownRegions = (
				en,
				Base,
			);
			mainGroup = 597D187D2E7A110E0050E189;
			minimizedProjectReferenceProxies = 1;
			preferredProjectObjectVersion = 77;
			productRefGroup = 597D18872E7A110E0050E189 /* Products */;
			projectDirPath = "";
			projectRoot = "";
			targets = (
				597D18852E7A110E0050E189 /* ButtonChallengeSolution */,
				597D18922E7A11100050E189 /* ButtonChallengeSolutionTests */,
				597D189C2E7A11100050E189 /* ButtonChallengeSolutionUITests */,
			);
		};
/* End PBXProject section */

/* Begin PBXResourcesBuildPhase section */
		597D18842E7A110E0050E189 /* Resources */ = {
			isa = PBXResourcesBuildPhase;
			buildActionMask = 2147483647;
			files = (
			);
			runOnlyForDeploymentPostprocessing = 0;
		};
		597D18912E7A11100050E189 /* Resources */ = {
			isa = PBXResourcesBuildPhase;
			buildActionMask = 2147483647;
			files = (
			);
			runOnlyForDeploymentPostprocessing = 0;
		};
		597D189B2E7A11100050E189 /* Resources */ = {
			isa = PBXResourcesBuildPhase;
			buildActionMask = 2147483647;
			files = (
			);
			runOnlyForDeploymentPostprocessing = 0;
		};
/* End PBXResourcesBuildPhase section */

/* Begin PBXSourcesBuildPhase section */
		597D18822E7A110E0050E189 /* Sources */ = {
			isa = PBXSourcesBuildPhase;
			buildActionMask = 2147483647;
			files = (
			);
			runOnlyForDeploymentPostprocessing = 0;
		};
		597D188F2E7A11100050E189 /* Sources */ = {
			isa = PBXSourcesBuildPhase;
			buildActionMask = 2147483647;
			files = (
			);
			runOnlyForDeploymentPostprocessing = 0;
		};
		597D18992E7A11100050E189 /* Sources */ = {
			isa = PBXSourcesBuildPhase;
			buildActionMask = 2147483647;
			files = (
			);
			runOnlyForDeploymentPostprocessing = 0;
		};
/* End PBXSourcesBuildPhase section */

/* Begin PBXTargetDependency section */
		597D18952E7A11100050E189 /* PBXTargetDependency */ = {
			isa = PBXTargetDependency;
			target = 597D18852E7A110E0050E189 /* ButtonChallengeSolution */;
			targetProxy = 597D18942E7A11100050E189 /* PBXContainerItemProxy */;
		};
		597D189F2E7A11100050E189 /* PBXTargetDependency */ = {
			isa = PBXTargetDependency;
			target = 597D18852E7A110E0050E189 /* ButtonChallengeSolution */;
			targetProxy = 597D189E2E7A11100050E189 /* PBXContainerItemProxy */;
		};
/* End PBXTargetDependency section */

/* Begin XCBuildConfiguration section */
		597D18A52E7A11100050E189 /* Debug */ = {
			isa = XCBuildConfiguration;
			buildSettings = {
				ALWAYS_SEARCH_USER_PATHS = NO;
				ASSETCATALOG_COMPILER_GENERATE_SWIFT_ASSET_SYMBOL_EXTENSIONS = YES;
				CLANG_ANALYZER_NONNULL = YES;
				CLANG_ANALYZER_NUMBER_OBJECT_CONVERSION = YES_AGGRESSIVE;
				CLANG_CXX_LANGUAGE_STANDARD = "gnu++20";
				CLANG_ENABLE_MODULES = YES;
				CLANG_ENABLE_OBJC_ARC = YES;
				CLANG_ENABLE_OBJC_WEAK = YES;
				CLANG_WARN_BLOCK_CAPTURE_AUTORELEASING = YES;
				CLANG_WARN_BOOL_CONVERSION = YES;
				CLANG_WARN_COMMA = YES;
				CLANG_WARN_CONSTANT_CONVERSION = YES;
				CLANG_WARN_DEPRECATED_OBJC_IMPLEMENTATIONS = YES;
				CLANG_WARN_DIRECT_OBJC_ISA_USAGE = YES_ERROR;
				CLANG_WARN_DOCUMENTATION_COMMENTS = YES;
				CLANG_WARN_EMPTY_BODY = YES;
				CLANG_WARN_ENUM_CONVERSION = YES;
				CLANG_WARN_INFINITE_RECURSION = YES;
				CLANG_WARN_INT_CONVERSION = YES;
				CLANG_WARN_NON_LITERAL_NULL_CONVERSION = YES;
				CLANG_WARN_OBJC_IMPLICIT_RETAIN_SELF = YES;
				CLANG_WARN_OBJC_LITERAL_CONVERSION = YES;
				CLANG_WARN_OBJC_ROOT_CLASS = YES_ERROR;
				CLANG_WARN_QUOTED_INCLUDE_IN_FRAMEWORK_HEADER = YES;
				CLANG_WARN_RANGE_LOOP_ANALYSIS = YES;
				CLANG_WARN_STRICT_PROTOTYPES = YES;
				CLANG_WARN_SUSPICIOUS_MOVE = YES;
				CLANG_WARN_UNGUARDED_AVAILABILITY = YES_AGGRESSIVE;
				CLANG_WARN_UNREACHABLE_CODE = YES;
				CLANG_WARN__DUPLICATE_METHOD_MATCH = YES;
				COPY_PHASE_STRIP = NO;
				DEBUG_INFORMATION_FORMAT = dwarf;
				DEVELOPMENT_TEAM = 62Z297N4Z4;
				ENABLE_STRICT_OBJC_MSGSEND = YES;
				ENABLE_TESTABILITY = YES;
				ENABLE_USER_SCRIPT_SANDBOXING = YES;
				GCC_C_LANGUAGE_STANDARD = gnu17;
				GCC_DYNAMIC_NO_PIC = NO;
				GCC_NO_COMMON_BLOCKS = YES;
				GCC_OPTIMIZATION_LEVEL = 0;
				GCC_PREPROCESSOR_DEFINITIONS = (
					"DEBUG=1",
					"$(inherited)",
				);
				GCC_WARN_64_TO_32_BIT_CONVERSION = YES;
				GCC_WARN_ABOUT_RETURN_TYPE = YES_ERROR;
				GCC_WARN_UNDECLARED_SELECTOR = YES;
				GCC_WARN_UNINITIALIZED_AUTOS = YES_AGGRESSIVE;
				GCC_WARN_UNUSED_FUNCTION = YES;
				GCC_WARN_UNUSED_VARIABLE = YES;
				IPHONEOS_DEPLOYMENT_TARGET = 18.5;
				LOCALIZATION_PREFERS_STRING_CATALOGS = YES;
				MTL_ENABLE_DEBUG_INFO = INCLUDE_SOURCE;
				MTL_FAST_MATH = YES;
				ONLY_ACTIVE_ARCH = YES;
				SDKROOT = iphoneos;
				SWIFT_ACTIVE_COMPILATION_CONDITIONS = "DEBUG $(inherited)";
				SWIFT_OPTIMIZATION_LEVEL = "-Onone";
			};
			name = Debug;
		};
		597D18A62E7A11100050E189 /* Release */ = {
			isa = XCBuildConfiguration;
			buildSettings = {
				ALWAYS_SEARCH_USER_PATHS = NO;
				ASSETCATALOG_COMPILER_GENERATE_SWIFT_ASSET_SYMBOL_EXTENSIONS = YES;
				CLANG_ANALYZER_NONNULL = YES;
				CLANG_ANALYZER_NUMBER_OBJECT_CONVERSION = YES_AGGRESSIVE;
				CLANG_CXX_LANGUAGE_STANDARD = "gnu++20";
				CLANG_ENABLE_MODULES = YES;
				CLANG_ENABLE_OBJC_ARC = YES;
				CLANG_ENABLE_OBJC_WEAK = YES;
				CLANG_WARN_BLOCK_CAPTURE_AUTORELEASING = YES;
				CLANG_WARN_BOOL_CONVERSION = YES;
				CLANG_WARN_COMMA = YES;
				CLANG_WARN_CONSTANT_CONVERSION = YES;
				CLANG_WARN_DEPRECATED_OBJC_IMPLEMENTATIONS = YES;
				CLANG_WARN_DIRECT_OBJC_ISA_USAGE = YES_ERROR;
				CLANG_WARN_DOCUMENTATION_COMMENTS = YES;
				CLANG_WARN_EMPTY_BODY = YES;
				CLANG_WARN_ENUM_CONVERSION = YES;
				CLANG_WARN_INFINITE_RECURSION = YES;
				CLANG_WARN_INT_CONVERSION = YES;
				CLANG_WARN_NON_LITERAL_NULL_CONVERSION = YES;
				CLANG_WARN_OBJC_IMPLICIT_RETAIN_SELF = YES;
				CLANG_WARN_OBJC_LITERAL_CONVERSION = YES;
				CLANG_WARN_OBJC_ROOT_CLASS = YES_ERROR;
				CLANG_WARN_QUOTED_INCLUDE_IN_FRAMEWORK_HEADER = YES;
				CLANG_WARN_RANGE_LOOP_ANALYSIS = YES;
				CLANG_WARN_STRICT_PROTOTYPES = YES;
				CLANG_WARN_SUSPICIOUS_MOVE = YES;
				CLANG_WARN_UNGUARDED_AVAILABILITY = YES_AGGRESSIVE;
				CLANG_WARN_UNREACHABLE_CODE = YES;
				CLANG_WARN__DUPLICATE_METHOD_MATCH = YES;
				COPY_PHASE_STRIP = NO;
				DEBUG_INFORMATION_FORMAT = "dwarf-with-dsym";
				DEVELOPMENT_TEAM = 62Z297N4Z4;
				ENABLE_NS_ASSERTIONS = NO;
				ENABLE_STRICT_OBJC_MSGSEND = YES;
				ENABLE_USER_SCRIPT_SANDBOXING = YES;
				GCC_C_LANGUAGE_STANDARD = gnu17;
				GCC_NO_COMMON_BLOCKS = YES;
				GCC_WARN_64_TO_32_BIT_CONVERSION = YES;
				GCC_WARN_ABOUT_RETURN_TYPE = YES_ERROR;
				GCC_WARN_UNDECLARED_SELECTOR = YES;
				GCC_WARN_UNINITIALIZED_AUTOS = YES_AGGRESSIVE;
				GCC_WARN_UNUSED_FUNCTION = YES;
				GCC_WARN_UNUSED_VARIABLE = YES;
				IPHONEOS_DEPLOYMENT_TARGET = 18.5;
				LOCALIZATION_PREFERS_STRING_CATALOGS = YES;
				MTL_ENABLE_DEBUG_INFO = NO;
				MTL_FAST_MATH = YES;
				SDKROOT = iphoneos;
				SWIFT_COMPILATION_MODE = wholemodule;
				VALIDATE_PRODUCT = YES;
			};
			name = Release;
		};
		597D18A82E7A11100050E189 /* Debug */ = {
			isa = XCBuildConfiguration;
			buildSettings = {
				ASSETCATALOG_COMPILER_APPICON_NAME = AppIcon;
				ASSETCATALOG_COMPILER_GLOBAL_ACCENT_COLOR_NAME = AccentColor;
				CODE_SIGN_STYLE = Automatic;
				CURRENT_PROJECT_VERSION = 1;
				DEVELOPMENT_TEAM = 62Z297N4Z4;
				ENABLE_PREVIEWS = YES;
				GENERATE_INFOPLIST_FILE = YES;
				INFOPLIST_KEY_UIApplicationSceneManifest_Generation = YES;
				INFOPLIST_KEY_UIApplicationSupportsIndirectInputEvents = YES;
				INFOPLIST_KEY_UILaunchScreen_Generation = YES;
				INFOPLIST_KEY_UISupportedInterfaceOrientations_iPad = "UIInterfaceOrientationPortrait UIInterfaceOrientationPortraitUpsideDown UIInterfaceOrientationLandscapeLeft UIInterfaceOrientationLandscapeRight";
				INFOPLIST_KEY_UISupportedInterfaceOrientations_iPhone = "UIInterfaceOrientationPortrait UIInterfaceOrientationLandscapeLeft UIInterfaceOrientationLandscapeRight";
				LD_RUNPATH_SEARCH_PATHS = (
					"$(inherited)",
					"@executable_path/Frameworks",
				);
				MARKETING_VERSION = 1.0;
				PRODUCT_BUNDLE_IDENTIFIER = CTC.ButtonChallengeSolution;
				PRODUCT_NAME = "$(TARGET_NAME)";
				SWIFT_EMIT_LOC_STRINGS = YES;
				SWIFT_VERSION = 5.0;
				TARGETED_DEVICE_FAMILY = "1,2";
			};
			name = Debug;
		};
		597D18A92E7A11100050E189 /* Release */ = {
			isa = XCBuildConfiguration;
			buildSettings = {
				ASSETCATALOG_COMPILER_APPICON_NAME = AppIcon;
				ASSETCATALOG_COMPILER_GLOBAL_ACCENT_COLOR_NAME = AccentColor;
				CODE_SIGN_STYLE = Automatic;
				CURRENT_PROJECT_VERSION = 1;
				DEVELOPMENT_TEAM = 62Z297N4Z4;
				ENABLE_PREVIEWS = YES;
				GENERATE_INFOPLIST_FILE = YES;
				INFOPLIST_KEY_UIApplicationSceneManifest_Generation = YES;
				INFOPLIST_KEY_UIApplicationSupportsIndirectInputEvents = YES;
				INFOPLIST_KEY_UILaunchScreen_Generation = YES;
				INFOPLIST_KEY_UISupportedInterfaceOrientations_iPad = "UIInterfaceOrientationPortrait UIInterfaceOrientationPortraitUpsideDown UIInterfaceOrientationLandscapeLeft UIInterfaceOrientationLandscapeRight";
				INFOPLIST_KEY_UISupportedInterfaceOrientations_iPhone = "UIInterfaceOrientationPortrait UIInterfaceOrientationLandscapeLeft UIInterfaceOrientationLandscapeRight";
				LD_RUNPATH_SEARCH_PATHS = (
					"$(inherited)",
					"@executable_path/Frameworks",
				);
				MARKETING_VERSION = 1.0;
				PRODUCT_BUNDLE_IDENTIFIER = CTC.ButtonChallengeSolution;
				PRODUCT_NAME = "$(TARGET_NAME)";
				SWIFT_EMIT_LOC_STRINGS = YES;
				SWIFT_VERSION = 5.0;
				TARGETED_DEVICE_FAMILY = "1,2";
			};
			name = Release;
		};
		597D18AB2E7A11100050E189 /* Debug */ = {
			isa = XCBuildConfiguration;
			buildSettings = {
				BUNDLE_LOADER = "$(TEST_HOST)";
				CODE_SIGN_STYLE = Automatic;
				CURRENT_PROJECT_VERSION = 1;
				DEVELOPMENT_TEAM = 62Z297N4Z4;
				GENERATE_INFOPLIST_FILE = YES;
				IPHONEOS_DEPLOYMENT_TARGET = 18.5;
				MARKETING_VERSION = 1.0;
				PRODUCT_BUNDLE_IDENTIFIER = CTC.ButtonChallengeSolutionTests;
				PRODUCT_NAME = "$(TARGET_NAME)";
				SWIFT_EMIT_LOC_STRINGS = NO;
				SWIFT_VERSION = 5.0;
				TARGETED_DEVICE_FAMILY = "1,2";
				TEST_HOST = "$(BUILT_PRODUCTS_DIR)/ButtonChallengeSolution.app/$(BUNDLE_EXECUTABLE_FOLDER_PATH)/ButtonChallengeSolution";
			};
			name = Debug;
		};
		597D18AC2E7A11100050E189 /* Release */ = {
			isa = XCBuildConfiguration;
			buildSettings = {
				BUNDLE_LOADER = "$(TEST_HOST)";
				CODE_SIGN_STYLE = Automatic;
				CURRENT_PROJECT_VERSION = 1;
				DEVELOPMENT_TEAM = 62Z297N4Z4;
				GENERATE_INFOPLIST_FILE = YES;
				IPHONEOS_DEPLOYMENT_TARGET = 18.5;
				MARKETING_VERSION = 1.0;
				PRODUCT_BUNDLE_IDENTIFIER = CTC.ButtonChallengeSolutionTests;
				PRODUCT_NAME = "$(TARGET_NAME)";
				SWIFT_EMIT_LOC_STRINGS = NO;
				SWIFT_VERSION = 5.0;
				TARGETED_DEVICE_FAMILY = "1,2";
				TEST_HOST = "$(BUILT_PRODUCTS_DIR)/ButtonChallengeSolution.app/$(BUNDLE_EXECUTABLE_FOLDER_PATH)/ButtonChallengeSolution";
			};
			name = Release;
		};
		597D18AE2E7A11100050E189 /* Debug */ = {
			isa = XCBuildConfiguration;
			buildSettings = {
				CODE_SIGN_STYLE = Automatic;
				CURRENT_PROJECT_VERSION = 1;
				DEVELOPMENT_TEAM = 62Z297N4Z4;
				GENERATE_INFOPLIST_FILE = YES;
				MARKETING_VERSION = 1.0;
				PRODUCT_BUNDLE_IDENTIFIER = CTC.ButtonChallengeSolutionUITests;
				PRODUCT_NAME = "$(TARGET_NAME)";
				SWIFT_EMIT_LOC_STRINGS = NO;
				SWIFT_VERSION = 5.0;
				TARGETED_DEVICE_FAMILY = "1,2";
				TEST_TARGET_NAME = ButtonChallengeSolution;
			};
			name = Debug;
		};
		597D18AF2E7A11100050E189 /* Release */ = {
			isa = XCBuildConfiguration;
			buildSettings = {
				CODE_SIGN_STYLE = Automatic;
				CURRENT_PROJECT_VERSION = 1;
				DEVELOPMENT_TEAM = 62Z297N4Z4;
				GENERATE_INFOPLIST_FILE = YES;
				MARKETING_VERSION = 1.0;
				PRODUCT_BUNDLE_IDENTIFIER = CTC.ButtonChallengeSolutionUITests;
				PRODUCT_NAME = "$(TARGET_NAME)";
				SWIFT_EMIT_LOC_STRINGS = NO;
				SWIFT_VERSION = 5.0;
				TARGETED_DEVICE_FAMILY = "1,2";
				TEST_TARGET_NAME = ButtonChallengeSolution;
			};
			name = Release;
		};
/* End XCBuildConfiguration section */

/* Begin XCConfigurationList section */
		597D18812E7A110E0050E189 /* Build configuration list for PBXProject "ButtonChallengeSolution" */ = {
			isa = XCConfigurationList;
			buildConfigurations = (
				597D18A52E7A11100050E189 /* Debug */,
				597D18A62E7A11100050E189 /* Release */,
			);
			defaultConfigurationIsVisible = 0;
			defaultConfigurationName = Release;
		};
		597D18A72E7A11100050E189 /* Build configuration list for PBXNativeTarget "ButtonChallengeSolution" */ = {
			isa = XCConfigurationList;
			buildConfigurations = (
				597D18A82E7A11100050E189 /* Debug */,
				597D18A92E7A11100050E189 /* Release */,
			);
			defaultConfigurationIsVisible = 0;
			defaultConfigurationName = Release;
		};
		597D18AA2E7A11100050E189 /* Build configuration list for PBXNativeTarget "ButtonChallengeSolutionTests" */ = {
			isa = XCConfigurationList;
			buildConfigurations = (
				597D18AB2E7A11100050E189 /* Debug */,
				597D18AC2E7A11100050E189 /* Release */,
			);
			defaultConfigurationIsVisible = 0;
			defaultConfigurationName = Release;
		};
		597D18AD2E7A11100050E189 /* Build configuration list for PBXNativeTarget "ButtonChallengeSolutionUITests" */ = {
			isa = XCConfigurationList;
			buildConfigurations = (
				597D18AE2E7A11100050E189 /* Debug */,
				597D18AF2E7A11100050E189 /* Release */,
			);
			defaultConfigurationIsVisible = 0;
			defaultConfigurationName = Release;
		};
/* End XCConfigurationList section */
	};
	rootObject = 597D187E2E7A110E0050E189 /* Project object */;
}
